
Microsoft Visual Studio Solution File, Format Version 12.00
# Visual Studio 14
VisualStudioVersion = 14.0.25123.0
MinimumVisualStudioVersion = 10.0.40219.1
Project("{FAE04EC0-301F-11D3-BF4B-00C04F79EFBC}") = "HotelReview.Web", "HotelReview.Web\HotelReview.Web.csproj", "{17C84E39-48BD-4F74-990B-00B8B8199ABC}"
EndProject
Project("{FAE04EC0-301F-11D3-BF4B-00C04F79EFBC}") = "HotelReview.Domain", "HotelReview.Domain\HotelReview.Domain.csproj", "{04191440-1F2F-496E-B4B2-AAD8FB25CF88}"
EndProject
Global
	GlobalSection(SolutionConfigurationPlatforms) = preSolution
		Debug|Any CPU = Debug|Any CPU
		Release|Any CPU = Release|Any CPU
	EndGlobalSection
	GlobalSection(ProjectConfigurationPlatforms) = postSolution
		{17C84E39-48BD-4F74-990B-00B8B8199ABC}.Debug|Any CPU.ActiveCfg = Debug|Any CPU
		{17C84E39-48BD-4F74-990B-00B8B8199ABC}.Debug|Any CPU.Build.0 = Debug|Any CPU
		{17C84E39-48BD-4F74-990B-00B8B8199ABC}.Release|Any CPU.ActiveCfg = Release|Any CPU
		{17C84E39-48BD-4F74-990B-00B8B8199ABC}.Release|Any CPU.Build.0 = Release|Any CPU
		{04191440-1F2F-496E-B4B2-AAD8FB25CF88}.Debug|Any CPU.ActiveCfg = Debug|Any CPU
		{04191440-1F2F-496E-B4B2-AAD8FB25CF88}.Debug|Any CPU.Build.0 = Debug|Any CPU
		{04191440-1F2F-496E-B4B2-AAD8FB25CF88}.Release|Any CPU.ActiveCfg = Release|Any CPU
		{04191440-1F2F-496E-B4B2-AAD8FB25CF88}.Release|Any CPU.Build.0 = Release|Any CPU
	EndGlobalSection
	GlobalSection(SolutionProperties) = preSolution
		HideSolutionNode = FALSE
	EndGlobalSection
EndGlobal
